<Solution>
  <Folder Name="/src/">
    <Project Path="src/D.Ceylon.Api/D.Ceylon.Api.csproj" />
  </Folder>
  <Folder Name="/src/BuildingBlocks/">
    <Project Path="src/BuildingBlocks/D.Ceylon.BuildingBlocks/D.Ceylon.BuildingBlocks.csproj" />
  </Folder>
  <Folder Name="/src/Modules/" />
  <Folder Name="/src/Modules/Catalogue/">
    <Project Path="src/Modules/Catalogue/D.Ceylon.Modules.Catalogue/D.Ceylon.Modules.Catalogue.csproj" />
  </Folder>
  <Folder Name="/src/Modules/IdentityAccess/">
    <Project Path="src/Modules/IdentityAccess/D.Ceylon.Modules.IdentityAccess/D.Ceylon.Modules.IdentityAccess.csproj" />
  </Folder>
  <Folder Name="/src/Modules/ItinerariesTravelPlanning/">
    <Project Path="src/Modules/ItinerariesTravelPlanning/D.Ceylon.Modules.ItinerariesTravelPlanning/D.Ceylon.Modules.ItinerariesTravelPlanning.csproj" />
  </Folder>
  <Folder Name="/src/Modules/CustomersTravellers/">
    <Project Path="src/Modules/CustomersTravellers/D.Ceylon.Modules.CustomersTravellers/D.Ceylon.Modules.CustomersTravellers.csproj" />
  </Folder>
  <Folder Name="/src/Modules/Editorial/">
    <Project Path="src/Modules/Editorial/D.Ceylon.Modules.Editorial/D.Ceylon.Modules.Editorial.csproj" />
  </Folder>
  <Folder Name="/src/Modules/OrganisationsAgents/">
    <Project Path="src/Modules/OrganisationsAgents/D.Ceylon.Modules.OrganisationsAgents/D.Ceylon.Modules.OrganisationsAgents.csproj" />
  </Folder>
  <Folder Name="/src/Modules/Bookings/">
    <Project Path="src/Modules/Bookings/D.Ceylon.Modules.Bookings/D.Ceylon.Modules.Bookings.csproj" />
  </Folder>
  <Folder Name="/src/Modules/Payments/">
    <Project Path="src/Modules/Payments/D.Ceylon.Modules.Payments/D.Ceylon.Modules.Payments.csproj" />
  </Folder>
  <Folder Name="/src/Modules/Pricing/">
    <Project Path="src/Modules/Pricing/D.Ceylon.Modules.Pricing/D.Ceylon.Modules.Pricing.csproj" />
  </Folder>
  <Folder Name="/src/Modules/SupplierOperations/">
    <Project Path="src/Modules/SupplierOperations/D.Ceylon.Modules.SupplierOperations/D.Ceylon.Modules.SupplierOperations.csproj" />
  </Folder>
  <Folder Name="/src/Modules/Quotes/">
    <Project Path="src/Modules/Quotes/D.Ceylon.Modules.Quotes/D.Ceylon.Modules.Quotes.csproj" />
  </Folder>
  <Folder Name="/tests/">
    <Project Path="tests/D.Ceylon.Api.IntegrationTests/D.Ceylon.Api.IntegrationTests.csproj" />
    <Project Path="tests/D.Ceylon.Api.UnitTests/D.Ceylon.Api.UnitTests.csproj" />
  </Folder>
</Solution>
